
Microsoft Visual Studio Solution File, Format Version 11.00
# Visual Studio 2010
# SharpDevelop 4.4
Project("{F184B08F-C81C-45F6-A57F-5ABD9991F28F}") = "ArrayAssessment", "ArrayAssessment\ArrayAssessment.vbproj", "{4C015193-C534-4DBC-B52B-76A4863F6EEA}"
EndProject
Global
	GlobalSection(SolutionConfigurationPlatforms) = preSolution
		Debug|Any CPU = Debug|Any CPU
		Release|Any CPU = Release|Any CPU
	EndGlobalSection
	GlobalSection(ProjectConfigurationPlatforms) = postSolution
		{4C015193-C534-4DBC-B52B-76A4863F6EEA}.Debug|Any CPU.Build.0 = Debug|Any CPU
		{4C015193-C534-4DBC-B52B-76A4863F6EEA}.Debug|Any CPU.ActiveCfg = Debug|Any CPU
		{4C015193-C534-4DBC-B52B-76A4863F6EEA}.Release|Any CPU.Build.0 = Release|Any CPU
		{4C015193-C534-4DBC-B52B-76A4863F6EEA}.Release|Any CPU.ActiveCfg = Release|Any CPU
	EndGlobalSection
EndGlobal
